
Microsoft Visual Studio Solution File, Format Version 12.00
# Visual Studio Version 17
VisualStudioVersion = 17.0.31903.59
MinimumVisualStudioVersion = 10.0.40219.1
Project("{FAE04EC0-301F-11D3-BF4B-00C04F79EFBC}") = "Mysln.Infrastructure", "Mysln.Infrastructure\Mysln.Infrastructure.csproj", "{BAEA96B0-42EE-4828-B4A9-E5E409AA13AA}"
EndProject
Project("{FAE04EC0-301F-11D3-BF4B-00C04F79EFBC}") = "Mysln.Contracts", "Mysln.Contracts\Mysln.Contracts.csproj", "{921F17E8-2C75-44C2-8737-037646266869}"
EndProject
Project("{FAE04EC0-301F-11D3-BF4B-00C04F79EFBC}") = "Mysln.Api", "Mysln.Api\Mysln.Api.csproj", "{4683A9B3-BE59-469B-B054-7C8B90F41598}"
EndProject
Project("{FAE04EC0-301F-11D3-BF4B-00C04F79EFBC}") = "Mysln.Domain", "Mysln.Domain\Mysln.Domain.csproj", "{A1280CEB-8498-46A4-B485-8CC8CDD87618}"
EndProject
Project("{FAE04EC0-301F-11D3-BF4B-00C04F79EFBC}") = "Mysln.Application", "Mysln.Application\Mysln.Application.csproj", "{4DCEA07B-0ADC-4AA4-AD0B-42A9E09C2088}"
EndProject
Global
	GlobalSection(SolutionConfigurationPlatforms) = preSolution
		Debug|Any CPU = Debug|Any CPU
		Release|Any CPU = Release|Any CPU
	EndGlobalSection
	GlobalSection(SolutionProperties) = preSolution
		HideSolutionNode = FALSE
	EndGlobalSection
	GlobalSection(ProjectConfigurationPlatforms) = postSolution
		{BAEA96B0-42EE-4828-B4A9-E5E409AA13AA}.Debug|Any CPU.ActiveCfg = Debug|Any CPU
		{BAEA96B0-42EE-4828-B4A9-E5E409AA13AA}.Debug|Any CPU.Build.0 = Debug|Any CPU
		{BAEA96B0-42EE-4828-B4A9-E5E409AA13AA}.Release|Any CPU.ActiveCfg = Release|Any CPU
		{BAEA96B0-42EE-4828-B4A9-E5E409AA13AA}.Release|Any CPU.Build.0 = Release|Any CPU
		{921F17E8-2C75-44C2-8737-037646266869}.Debug|Any CPU.ActiveCfg = Debug|Any CPU
		{921F17E8-2C75-44C2-8737-037646266869}.Debug|Any CPU.Build.0 = Debug|Any CPU
		{921F17E8-2C75-44C2-8737-037646266869}.Release|Any CPU.ActiveCfg = Release|Any CPU
		{921F17E8-2C75-44C2-8737-037646266869}.Release|Any CPU.Build.0 = Release|Any CPU
		{4683A9B3-BE59-469B-B054-7C8B90F41598}.Debug|Any CPU.ActiveCfg = Debug|Any CPU
		{4683A9B3-BE59-469B-B054-7C8B90F41598}.Debug|Any CPU.Build.0 = Debug|Any CPU
		{4683A9B3-BE59-469B-B054-7C8B90F41598}.Release|Any CPU.ActiveCfg = Release|Any CPU
		{4683A9B3-BE59-469B-B054-7C8B90F41598}.Release|Any CPU.Build.0 = Release|Any CPU
		{A1280CEB-8498-46A4-B485-8CC8CDD87618}.Debug|Any CPU.ActiveCfg = Debug|Any CPU
		{A1280CEB-8498-46A4-B485-8CC8CDD87618}.Debug|Any CPU.Build.0 = Debug|Any CPU
		{A1280CEB-8498-46A4-B485-8CC8CDD87618}.Release|Any CPU.ActiveCfg = Release|Any CPU
		{A1280CEB-8498-46A4-B485-8CC8CDD87618}.Release|Any CPU.Build.0 = Release|Any CPU
		{4DCEA07B-0ADC-4AA4-AD0B-42A9E09C2088}.Debug|Any CPU.ActiveCfg = Debug|Any CPU
		{4DCEA07B-0ADC-4AA4-AD0B-42A9E09C2088}.Debug|Any CPU.Build.0 = Debug|Any CPU
		{4DCEA07B-0ADC-4AA4-AD0B-42A9E09C2088}.Release|Any CPU.ActiveCfg = Release|Any CPU
		{4DCEA07B-0ADC-4AA4-AD0B-42A9E09C2088}.Release|Any CPU.Build.0 = Release|Any CPU
	EndGlobalSection
EndGlobal
